// !$*UTF8*$!
{
	archiveVersion = 1;
	classes = {
	};
	objectVersion = 56;
	objects = {

/* Begin PBXBuildFile section */
		048BAF162ACC5DEA00D6F3B5 /* AppDelegate.swift in Sources */ = {isa = PBXBuildFile; fileRef = 048BAF152ACC5DEA00D6F3B5 /* AppDelegate.swift */; };
		048BAF182ACC5DEA00D6F3B5 /* SceneDelegate.swift in Sources */ = {isa = PBXBuildFile; fileRef = 048BAF172ACC5DEA00D6F3B5 /* SceneDelegate.swift */; };
		048BAF1A2ACC5DEA00D6F3B5 /* ViewController.swift in Sources */ = {isa = PBXBuildFile; fileRef = 048BAF192ACC5DEA00D6F3B5 /* ViewController.swift */; };
		048BAF1D2ACC5DEA00D6F3B5 /* Main.storyboard in Resources */ = {isa = PBXBuildFile; fileRef = 048BAF1B2ACC5DEA00D6F3B5 /* Main.storyboard */; };
		048BAF1F2ACC5DEC00D6F3B5 /* Assets.xcassets in Resources */ = {isa = PBXBuildFile; fileRef = 048BAF1E2ACC5DEC00D6F3B5 /* Assets.xcassets */; };
		048BAF222ACC5DEC00D6F3B5 /* LaunchScreen.storyboard in Resources */ = {isa = PBXBuildFile; fileRef = 048BAF202ACC5DEC00D6F3B5 /* LaunchScreen.storyboard */; };
		048BAF2D2ACC5DEC00D6F3B5 /* ExerciseW3_KalkulatorTests.swift in Sources */ = {isa = PBXBuildFile; fileRef = 048BAF2C2ACC5DEC00D6F3B5 /* ExerciseW3_KalkulatorTests.swift */; };
		048BAF372ACC5DED00D6F3B5 /* ExerciseW3_KalkulatorUITests.swift in Sources */ = {isa = PBXBuildFile; fileRef = 048BAF362ACC5DED00D6F3B5 /* ExerciseW3_KalkulatorUITests.swift */; };
		048BAF392ACC5DED00D6F3B5 /* ExerciseW3_KalkulatorUITestsLaunchTests.swift in Sources */ = {isa = PBXBuildFile; fileRef = 048BAF382ACC5DED00D6F3B5 /* ExerciseW3_KalkulatorUITestsLaunchTests.swift */; };
/* End PBXBuildFile section */

/* Begin PBXContainerItemProxy section */
		048BAF292ACC5DEC00D6F3B5 /* PBXContainerItemProxy */ = {
			isa = PBXContainerItemProxy;
			containerPortal = 048BAF0A2ACC5DEA00D6F3B5 /* Project object */;
			proxyType = 1;
			remoteGlobalIDString = 048BAF112ACC5DEA00D6F3B5;
			remoteInfo = ExerciseW3_Kalkulator;
		};
		048BAF332ACC5DED00D6F3B5 /* PBXContainerItemProxy */ = {
			isa = PBXContainerItemProxy;
			containerPortal = 048BAF0A2ACC5DEA00D6F3B5 /* Project object */;
			proxyType = 1;
			remoteGlobalIDString = 048BAF112ACC5DEA00D6F3B5;
			remoteInfo = ExerciseW3_Kalkulator;
		};
/* End PBXContainerItemProxy section */

/* Begin PBXFileReference section */
		048BAF122ACC5DEA00D6F3B5 /* ExerciseW3_Kalkulator.app */ = {isa = PBXFileReference; explicitFileType = wrapper.application; includeInIndex = 0; path = ExerciseW3_Kalkulator.app; sourceTree = BUILT_PRODUCTS_DIR; };
		048BAF152ACC5DEA00D6F3B5 /* AppDelegate.swift */ = {isa = PBXFileReference; lastKnownFileType = sourcecode.swift; path = AppDelegate.swift; sourceTree = "<group>"; };
		048BAF172ACC5DEA00D6F3B5 /* SceneDelegate.swift */ = {isa = PBXFileReference; lastKnownFileType = sourcecode.swift; path = SceneDelegate.swift; sourceTree = "<group>"; };
		048BAF192ACC5DEA00D6F3B5 /* ViewController.swift */ = {isa = PBXFileReference; lastKnownFileType = sourcecode.swift; path = ViewController.swift; sourceTree = "<group>"; };
		048BAF1C2ACC5DEA00D6F3B5 /* Base */ = {isa = PBXFileReference; lastKnownFileType = file.storyboard; name = Base; path = Base.lproj/Main.storyboard; sourceTree = "<group>"; };
		048BAF1E2ACC5DEC00D6F3B5 /* Assets.xcassets */ = {isa = PBXFileReference; lastKnownFileType = folder.assetcatalog; path = Assets.xcassets; sourceTree = "<group>"; };
		048BAF212ACC5DEC00D6F3B5 /* Base */ = {isa = PBXFileReference; lastKnownFileType = file.storyboard; name = Base; path = Base.lproj/LaunchScreen.storyboard; sourceTree = "<group>"; };
		048BAF232ACC5DEC00D6F3B5 /* Info.plist */ = {isa = PBXFileReference; lastKnownFileType = text.plist.xml; path = Info.plist; sourceTree = "<group>"; };
		048BAF282ACC5DEC00D6F3B5 /* ExerciseW3_KalkulatorTests.xctest */ = {isa = PBXFileReference; explicitFileType = wrapper.cfbundle; includeInIndex = 0; path = ExerciseW3_KalkulatorTests.xctest; sourceTree = BUILT_PRODUCTS_DIR; };
		048BAF2C2ACC5DEC00D6F3B5 /* ExerciseW3_KalkulatorTests.swift */ = {isa = PBXFileReference; lastKnownFileType = sourcecode.swift; path = ExerciseW3_KalkulatorTests.swift; sourceTree = "<group>"; };
		048BAF322ACC5DED00D6F3B5 /* ExerciseW3_KalkulatorUITests.xctest */ = {isa = PBXFileReference; explicitFileType = wrapper.cfbundle; includeInIndex = 0; path = ExerciseW3_KalkulatorUITests.xctest; sourceTree = BUILT_PRODUCTS_DIR; };
		048BAF362ACC5DED00D6F3B5 /* ExerciseW3_KalkulatorUITests.swift */ = {isa = PBXFileReference; lastKnownFileType = sourcecode.swift; path = ExerciseW3_KalkulatorUITests.swift; sourceTree = "<group>"; };
		048BAF382ACC5DED00D6F3B5 /* ExerciseW3_KalkulatorUITestsLaunchTests.swift */ = {isa = PBXFileReference; lastKnownFileType = sourcecode.swift; path = ExerciseW3_KalkulatorUITestsLaunchTests.swift; sourceTree = "<group>"; };
/* End PBXFileReference section */

/* Begin PBXFrameworksBuildPhase section */
		048BAF0F2ACC5DEA00D6F3B5 /* Frameworks */ = {
			isa = PBXFrameworksBuildPhase;
			buildActionMask = 2147483647;
			files = (
			);
			runOnlyForDeploymentPostprocessing = 0;
		};
		048BAF252ACC5DEC00D6F3B5 /* Frameworks */ = {
			isa = PBXFrameworksBuildPhase;
			buildActionMask = 2147483647;
			files = (
			);
			runOnlyForDeploymentPostprocessing = 0;
		};
		048BAF2F2ACC5DED00D6F3B5 /* Frameworks */ = {
			isa = PBXFrameworksBuildPhase;
			buildActionMask = 2147483647;
			files = (
			);
			runOnlyForDeploymentPostprocessing = 0;
		};
/* End PBXFrameworksBuildPhase section */

/* Begin PBXGroup section */
		048BAF092ACC5DEA00D6F3B5 = {
			isa = PBXGroup;
			children = (
				048BAF142ACC5DEA00D6F3B5 /* ExerciseW3_Kalkulator */,
				048BAF2B2ACC5DEC00D6F3B5 /* ExerciseW3_KalkulatorTests */,
				048BAF352ACC5DED00D6F3B5 /* ExerciseW3_KalkulatorUITests */,
				048BAF132ACC5DEA00D6F3B5 /* Products */,
			);
			sourceTree = "<group>";
		};
		048BAF132ACC5DEA00D6F3B5 /* Products */ = {
			isa = PBXGroup;
			children = (
				048BAF122ACC5DEA00D6F3B5 /* ExerciseW3_Kalkulator.app */,
				048BAF282ACC5DEC00D6F3B5 /* ExerciseW3_KalkulatorTests.xctest */,
				048BAF322ACC5DED00D6F3B5 /* ExerciseW3_KalkulatorUITests.xctest */,
			);
			name = Products;
			sourceTree = "<group>";
		};
		048BAF142ACC5DEA00D6F3B5 /* ExerciseW3_Kalkulator */ = {
			isa = PBXGroup;
			children = (
				048BAF152ACC5DEA00D6F3B5 /* AppDelegate.swift */,
				048BAF172ACC5DEA00D6F3B5 /* SceneDelegate.swift */,
				048BAF192ACC5DEA00D6F3B5 /* ViewController.swift */,
				048BAF1B2ACC5DEA00D6F3B5 /* Main.storyboard */,
				048BAF1E2ACC5DEC00D6F3B5 /* Assets.xcassets */,
				048BAF202ACC5DEC00D6F3B5 /* LaunchScreen.storyboard */,
				048BAF232ACC5DEC00D6F3B5 /* Info.plist */,
			);
			path = ExerciseW3_Kalkulator;
			sourceTree = "<group>";
		};
		048BAF2B2ACC5DEC00D6F3B5 /* ExerciseW3_KalkulatorTests */ = {
			isa = PBXGroup;
			children = (
				048BAF2C2ACC5DEC00D6F3B5 /* ExerciseW3_KalkulatorTests.swift */,
			);
			path = ExerciseW3_KalkulatorTests;
			sourceTree = "<group>";
		};
		048BAF352ACC5DED00D6F3B5 /* ExerciseW3_KalkulatorUITests */ = {
			isa = PBXGroup;
			children = (
				048BAF362ACC5DED00D6F3B5 /* ExerciseW3_KalkulatorUITests.swift */,
				048BAF382ACC5DED00D6F3B5 /* ExerciseW3_KalkulatorUITestsLaunchTests.swift */,
			);
			path = ExerciseW3_KalkulatorUITests;
			sourceTree = "<group>";
		};
/* End PBXGroup section */

/* Begin PBXNativeTarget section */
		048BAF112ACC5DEA00D6F3B5 /* ExerciseW3_Kalkulator */ = {
			isa = PBXNativeTarget;
			buildConfigurationList = 048BAF3C2ACC5DED00D6F3B5 /* Build configuration list for PBXNativeTarget "ExerciseW3_Kalkulator" */;
			buildPhases = (
				048BAF0E2ACC5DEA00D6F3B5 /* Sources */,
				048BAF0F2ACC5DEA00D6F3B5 /* Frameworks */,
				048BAF102ACC5DEA00D6F3B5 /* Resources */,
			);
			buildRules = (
			);
			dependencies = (
			);
			name = ExerciseW3_Kalkulator;
			productName = ExerciseW3_Kalkulator;
			productReference = 048BAF122ACC5DEA00D6F3B5 /* ExerciseW3_Kalkulator.app */;
			productType = "com.apple.product-type.application";
		};
		048BAF272ACC5DEC00D6F3B5 /* ExerciseW3_KalkulatorTests */ = {
			isa = PBXNativeTarget;
			buildConfigurationList = 048BAF3F2ACC5DED00D6F3B5 /* Build configuration list for PBXNativeTarget "ExerciseW3_KalkulatorTests" */;
			buildPhases = (
				048BAF242ACC5DEC00D6F3B5 /* Sources */,
				048BAF252ACC5DEC00D6F3B5 /* Frameworks */,
				048BAF262ACC5DEC00D6F3B5 /* Resources */,
			);
			buildRules = (
			);
			dependencies = (
				048BAF2A2ACC5DEC00D6F3B5 /* PBXTargetDependency */,
			);
			name = ExerciseW3_KalkulatorTests;
			productName = ExerciseW3_KalkulatorTests;
			productReference = 048BAF282ACC5DEC00D6F3B5 /* ExerciseW3_KalkulatorTests.xctest */;
			productType = "com.apple.product-type.bundle.unit-test";
		};
		048BAF312ACC5DED00D6F3B5 /* ExerciseW3_KalkulatorUITests */ = {
			isa = PBXNativeTarget;
			buildConfigurationList = 048BAF422ACC5DED00D6F3B5 /* Build configuration list for PBXNativeTarget "ExerciseW3_KalkulatorUITests" */;
			buildPhases = (
				048BAF2E2ACC5DED00D6F3B5 /* Sources */,
				048BAF2F2ACC5DED00D6F3B5 /* Frameworks */,
				048BAF302ACC5DED00D6F3B5 /* Resources */,
			);
			buildRules = (
			);
			dependencies = (
				048BAF342ACC5DED00D6F3B5 /* PBXTargetDependency */,
			);
			name = ExerciseW3_KalkulatorUITests;
			productName = ExerciseW3_KalkulatorUITests;
			productReference = 048BAF322ACC5DED00D6F3B5 /* ExerciseW3_KalkulatorUITests.xctest */;
			productType = "com.apple.product-type.bundle.ui-testing";
		};
/* End PBXNativeTarget section */

/* Begin PBXProject section */
		048BAF0A2ACC5DEA00D6F3B5 /* Project object */ = {
			isa = PBXProject;
			attributes = {
				BuildIndependentTargetsInParallel = 1;
				LastSwiftUpdateCheck = 1500;
				LastUpgradeCheck = 1500;
				TargetAttributes = {
					048BAF112ACC5DEA00D6F3B5 = {
						CreatedOnToolsVersion = 15.0;
					};
					048BAF272ACC5DEC00D6F3B5 = {
						CreatedOnToolsVersion = 15.0;
						TestTargetID = 048BAF112ACC5DEA00D6F3B5;
					};
					048BAF312ACC5DED00D6F3B5 = {
						CreatedOnToolsVersion = 15.0;
						TestTargetID = 048BAF112ACC5DEA00D6F3B5;
					};
				};
			};
			buildConfigurationList = 048BAF0D2ACC5DEA00D6F3B5 /* Build configuration list for PBXProject "ExerciseW3_Kalkulator" */;
			compatibilityVersion = "Xcode 14.0";
			developmentRegion = en;
			hasScannedForEncodings = 0;
			knownRegions = (
				en,
				Base,
			);
			mainGroup = 048BAF092ACC5DEA00D6F3B5;
			productRefGroup = 048BAF132ACC5DEA00D6F3B5 /* Products */;
			projectDirPath = "";
			projectRoot = "";
			targets = (
				048BAF112ACC5DEA00D6F3B5 /* ExerciseW3_Kalkulator */,
				048BAF272ACC5DEC00D6F3B5 /* ExerciseW3_KalkulatorTests */,
				048BAF312ACC5DED00D6F3B5 /* ExerciseW3_KalkulatorUITests */,
			);
		};
/* End PBXProject section */

/* Begin PBXResourcesBuildPhase section */
		048BAF102ACC5DEA00D6F3B5 /* Resources */ = {
			isa = PBXResourcesBuildPhase;
			buildActionMask = 2147483647;
			files = (
				048BAF222ACC5DEC00D6F3B5 /* LaunchScreen.storyboard in Resources */,
				048BAF1F2ACC5DEC00D6F3B5 /* Assets.xcassets in Resources */,
				048BAF1D2ACC5DEA00D6F3B5 /* Main.storyboard in Resources */,
			);
			runOnlyForDeploymentPostprocessing = 0;
		};
		048BAF262ACC5DEC00D6F3B5 /* Resources */ = {
			isa = PBXResourcesBuildPhase;
			buildActionMask = 2147483647;
			files = (
			);
			runOnlyForDeploymentPostprocessing = 0;
		};
		048BAF302ACC5DED00D6F3B5 /* Resources */ = {
			isa = PBXResourcesBuildPhase;
			buildActionMask = 2147483647;
			files = (
			);
			runOnlyForDeploymentPostprocessing = 0;
		};
/* End PBXResourcesBuildPhase section */

/* Begin PBXSourcesBuildPhase section */
		048BAF0E2ACC5DEA00D6F3B5 /* Sources */ = {
			isa = PBXSourcesBuildPhase;
			buildActionMask = 2147483647;
			files = (
				048BAF1A2ACC5DEA00D6F3B5 /* ViewController.swift in Sources */,
				048BAF162ACC5DEA00D6F3B5 /* AppDelegate.swift in Sources */,
				048BAF182ACC5DEA00D6F3B5 /* SceneDelegate.swift in Sources */,
			);
			runOnlyForDeploymentPostprocessing = 0;
		};
		048BAF242ACC5DEC00D6F3B5 /* Sources */ = {
			isa = PBXSourcesBuildPhase;
			buildActionMask = 2147483647;
			files = (
				048BAF2D2ACC5DEC00D6F3B5 /* ExerciseW3_KalkulatorTests.swift in Sources */,
			);
			runOnlyForDeploymentPostprocessing = 0;
		};
		048BAF2E2ACC5DED00D6F3B5 /* Sources */ = {
			isa = PBXSourcesBuildPhase;
			buildActionMask = 2147483647;
			files = (
				048BAF392ACC5DED00D6F3B5 /* ExerciseW3_KalkulatorUITestsLaunchTests.swift in Sources */,
				048BAF372ACC5DED00D6F3B5 /* ExerciseW3_KalkulatorUITests.swift in Sources */,
			);
			runOnlyForDeploymentPostprocessing = 0;
		};
/* End PBXSourcesBuildPhase section */

/* Begin PBXTargetDependency section */
		048BAF2A2ACC5DEC00D6F3B5 /* PBXTargetDependency */ = {
			isa = PBXTargetDependency;
			target = 048BAF112ACC5DEA00D6F3B5 /* ExerciseW3_Kalkulator */;
			targetProxy = 048BAF292ACC5DEC00D6F3B5 /* PBXContainerItemProxy */;
		};
		048BAF342ACC5DED00D6F3B5 /* PBXTargetDependency */ = {
			isa = PBXTargetDependency;
			target = 048BAF112ACC5DEA00D6F3B5 /* ExerciseW3_Kalkulator */;
			targetProxy = 048BAF332ACC5DED00D6F3B5 /* PBXContainerItemProxy */;
		};
/* End PBXTargetDependency section */

/* Begin PBXVariantGroup section */
		048BAF1B2ACC5DEA00D6F3B5 /* Main.storyboard */ = {
			isa = PBXVariantGroup;
			children = (
				048BAF1C2ACC5DEA00D6F3B5 /* Base */,
			);
			name = Main.storyboard;
			sourceTree = "<group>";
		};
		048BAF202ACC5DEC00D6F3B5 /* LaunchScreen.storyboard */ = {
			isa = PBXVariantGroup;
			children = (
				048BAF212ACC5DEC00D6F3B5 /* Base */,
			);
			name = LaunchScreen.storyboard;
			sourceTree = "<group>";
		};
/* End PBXVariantGroup section */

/* Begin XCBuildConfiguration section */
		048BAF3A2ACC5DED00D6F3B5 /* Debug */ = {
			isa = XCBuildConfiguration;
			buildSettings = {
				ALWAYS_SEARCH_USER_PATHS = NO;
				ASSETCATALOG_COMPILER_GENERATE_SWIFT_ASSET_SYMBOL_EXTENSIONS = YES;
				CLANG_ANALYZER_NONNULL = YES;
				CLANG_ANALYZER_NUMBER_OBJECT_CONVERSION = YES_AGGRESSIVE;
				CLANG_CXX_LANGUAGE_STANDARD = "gnu++20";
				CLANG_ENABLE_MODULES = YES;
				CLANG_ENABLE_OBJC_ARC = YES;
				CLANG_ENABLE_OBJC_WEAK = YES;
				CLANG_WARN_BLOCK_CAPTURE_AUTORELEASING = YES;
				CLANG_WARN_BOOL_CONVERSION = YES;
				CLANG_WARN_COMMA = YES;
				CLANG_WARN_CONSTANT_CONVERSION = YES;
				CLANG_WARN_DEPRECATED_OBJC_IMPLEMENTATIONS = YES;
				CLANG_WARN_DIRECT_OBJC_ISA_USAGE = YES_ERROR;
				CLANG_WARN_DOCUMENTATION_COMMENTS = YES;
				CLANG_WARN_EMPTY_BODY = YES;
				CLANG_WARN_ENUM_CONVERSION = YES;
				CLANG_WARN_INFINITE_RECURSION = YES;
				CLANG_WARN_INT_CONVERSION = YES;
				CLANG_WARN_NON_LITERAL_NULL_CONVERSION = YES;
				CLANG_WARN_OBJC_IMPLICIT_RETAIN_SELF = YES;
				CLANG_WARN_OBJC_LITERAL_CONVERSION = YES;
				CLANG_WARN_OBJC_ROOT_CLASS = YES_ERROR;
				CLANG_WARN_QUOTED_INCLUDE_IN_FRAMEWORK_HEADER = YES;
				CLANG_WARN_RANGE_LOOP_ANALYSIS = YES;
				CLANG_WARN_STRICT_PROTOTYPES = YES;
				CLANG_WARN_SUSPICIOUS_MOVE = YES;
				CLANG_WARN_UNGUARDED_AVAILABILITY = YES_AGGRESSIVE;
				CLANG_WARN_UNREACHABLE_CODE = YES;
				CLANG_WARN__DUPLICATE_METHOD_MATCH = YES;
				COPY_PHASE_STRIP = NO;
				DEBUG_INFORMATION_FORMAT = dwarf;
				ENABLE_STRICT_OBJC_MSGSEND = YES;
				ENABLE_TESTABILITY = YES;
				ENABLE_USER_SCRIPT_SANDBOXING = YES;
				GCC_C_LANGUAGE_STANDARD = gnu17;
				GCC_DYNAMIC_NO_PIC = NO;
				GCC_NO_COMMON_BLOCKS = YES;
				GCC_OPTIMIZATION_LEVEL = 0;
				GCC_PREPROCESSOR_DEFINITIONS = (
					"DEBUG=1",
					"$(inherited)",
				);
				GCC_WARN_64_TO_32_BIT_CONVERSION = YES;
				GCC_WARN_ABOUT_RETURN_TYPE = YES_ERROR;
				GCC_WARN_UNDECLARED_SELECTOR = YES;
				GCC_WARN_UNINITIALIZED_AUTOS = YES_AGGRESSIVE;
				GCC_WARN_UNUSED_FUNCTION = YES;
				GCC_WARN_UNUSED_VARIABLE = YES;
				IPHONEOS_DEPLOYMENT_TARGET = 17.0;
				LOCALIZATION_PREFERS_STRING_CATALOGS = YES;
				MTL_ENABLE_DEBUG_INFO = INCLUDE_SOURCE;
				MTL_FAST_MATH = YES;
				ONLY_ACTIVE_ARCH = YES;
				SDKROOT = iphoneos;
				SWIFT_ACTIVE_COMPILATION_CONDITIONS = "DEBUG $(inherited)";
				SWIFT_OPTIMIZATION_LEVEL = "-Onone";
			};
			name = Debug;
		};
		048BAF3B2ACC5DED00D6F3B5 /* Release */ = {
			isa = XCBuildConfiguration;
			buildSettings = {
				ALWAYS_SEARCH_USER_PATHS = NO;
				ASSETCATALOG_COMPILER_GENERATE_SWIFT_ASSET_SYMBOL_EXTENSIONS = YES;
				CLANG_ANALYZER_NONNULL = YES;
				CLANG_ANALYZER_NUMBER_OBJECT_CONVERSION = YES_AGGRESSIVE;
				CLANG_CXX_LANGUAGE_STANDARD = "gnu++20";
				CLANG_ENABLE_MODULES = YES;
				CLANG_ENABLE_OBJC_ARC = YES;
				CLANG_ENABLE_OBJC_WEAK = YES;
				CLANG_WARN_BLOCK_CAPTURE_AUTORELEASING = YES;
				CLANG_WARN_BOOL_CONVERSION = YES;
				CLANG_WARN_COMMA = YES;
				CLANG_WARN_CONSTANT_CONVERSION = YES;
				CLANG_WARN_DEPRECATED_OBJC_IMPLEMENTATIONS = YES;
				CLANG_WARN_DIRECT_OBJC_ISA_USAGE = YES_ERROR;
				CLANG_WARN_DOCUMENTATION_COMMENTS = YES;
				CLANG_WARN_EMPTY_BODY = YES;
				CLANG_WARN_ENUM_CONVERSION = YES;
				CLANG_WARN_INFINITE_RECURSION = YES;
				CLANG_WARN_INT_CONVERSION = YES;
				CLANG_WARN_NON_LITERAL_NULL_CONVERSION = YES;
				CLANG_WARN_OBJC_IMPLICIT_RETAIN_SELF = YES;
				CLANG_WARN_OBJC_LITERAL_CONVERSION = YES;
				CLANG_WARN_OBJC_ROOT_CLASS = YES_ERROR;
				CLANG_WARN_QUOTED_INCLUDE_IN_FRAMEWORK_HEADER = YES;
				CLANG_WARN_RANGE_LOOP_ANALYSIS = YES;
				CLANG_WARN_STRICT_PROTOTYPES = YES;
				CLANG_WARN_SUSPICIOUS_MOVE = YES;
				CLANG_WARN_UNGUARDED_AVAILABILITY = YES_AGGRESSIVE;
				CLANG_WARN_UNREACHABLE_CODE = YES;
				CLANG_WARN__DUPLICATE_METHOD_MATCH = YES;
				COPY_PHASE_STRIP = NO;
				DEBUG_INFORMATION_FORMAT = "dwarf-with-dsym";
				ENABLE_NS_ASSERTIONS = NO;
				ENABLE_STRICT_OBJC_MSGSEND = YES;
				ENABLE_USER_SCRIPT_SANDBOXING = YES;
				GCC_C_LANGUAGE_STANDARD = gnu17;
				GCC_NO_COMMON_BLOCKS = YES;
				GCC_WARN_64_TO_32_BIT_CONVERSION = YES;
				GCC_WARN_ABOUT_RETURN_TYPE = YES_ERROR;
				GCC_WARN_UNDECLARED_SELECTOR = YES;
				GCC_WARN_UNINITIALIZED_AUTOS = YES_AGGRESSIVE;
				GCC_WARN_UNUSED_FUNCTION = YES;
				GCC_WARN_UNUSED_VARIABLE = YES;
				IPHONEOS_DEPLOYMENT_TARGET = 17.0;
				LOCALIZATION_PREFERS_STRING_CATALOGS = YES;
				MTL_ENABLE_DEBUG_INFO = NO;
				MTL_FAST_MATH = YES;
				SDKROOT = iphoneos;
				SWIFT_COMPILATION_MODE = wholemodule;
				VALIDATE_PRODUCT = YES;
			};
			name = Release;
		};
		048BAF3D2ACC5DED00D6F3B5 /* Debug */ = {
			isa = XCBuildConfiguration;
			buildSettings = {
				ASSETCATALOG_COMPILER_APPICON_NAME = AppIcon;
				ASSETCATALOG_COMPILER_GLOBAL_ACCENT_COLOR_NAME = AccentColor;
				CODE_SIGN_STYLE = Automatic;
				CURRENT_PROJECT_VERSION = 1;
				GENERATE_INFOPLIST_FILE = YES;
				INFOPLIST_FILE = ExerciseW3_Kalkulator/Info.plist;
				INFOPLIST_KEY_UIApplicationSupportsIndirectInputEvents = YES;
				INFOPLIST_KEY_UILaunchStoryboardName = LaunchScreen;
				INFOPLIST_KEY_UIMainStoryboardFile = Main;
				INFOPLIST_KEY_UISupportedInterfaceOrientations_iPad = "UIInterfaceOrientationPortrait UIInterfaceOrientationPortraitUpsideDown UIInterfaceOrientationLandscapeLeft UIInterfaceOrientationLandscapeRight";
				INFOPLIST_KEY_UISupportedInterfaceOrientations_iPhone = "UIInterfaceOrientationPortrait UIInterfaceOrientationLandscapeLeft UIInterfaceOrientationLandscapeRight";
				LD_RUNPATH_SEARCH_PATHS = (
					"$(inherited)",
					"@executable_path/Frameworks",
				);
				MARKETING_VERSION = 1.0;
				PRODUCT_BUNDLE_IDENTIFIER = "Mahazoya.ExerciseW3-Kalkulator";
				PRODUCT_NAME = "$(TARGET_NAME)";
				SWIFT_EMIT_LOC_STRINGS = YES;
				SWIFT_VERSION = 5.0;
				TARGETED_DEVICE_FAMILY = "1,2";
			};
			name = Debug;
		};
		048BAF3E2ACC5DED00D6F3B5 /* Release */ = {
			isa = XCBuildConfiguration;
			buildSettings = {
				ASSETCATALOG_COMPILER_APPICON_NAME = AppIcon;
				ASSETCATALOG_COMPILER_GLOBAL_ACCENT_COLOR_NAME = AccentColor;
				CODE_SIGN_STYLE = Automatic;
				CURRENT_PROJECT_VERSION = 1;
				GENERATE_INFOPLIST_FILE = YES;
				INFOPLIST_FILE = ExerciseW3_Kalkulator/Info.plist;
				INFOPLIST_KEY_UIApplicationSupportsIndirectInputEvents = YES;
				INFOPLIST_KEY_UILaunchStoryboardName = LaunchScreen;
				INFOPLIST_KEY_UIMainStoryboardFile = Main;
				INFOPLIST_KEY_UISupportedInterfaceOrientations_iPad = "UIInterfaceOrientationPortrait UIInterfaceOrientationPortraitUpsideDown UIInterfaceOrientationLandscapeLeft UIInterfaceOrientationLandscapeRight";
				INFOPLIST_KEY_UISupportedInterfaceOrientations_iPhone = "UIInterfaceOrientationPortrait UIInterfaceOrientationLandscapeLeft UIInterfaceOrientationLandscapeRight";
				LD_RUNPATH_SEARCH_PATHS = (
					"$(inherited)",
					"@executable_path/Frameworks",
				);
				MARKETING_VERSION = 1.0;
				PRODUCT_BUNDLE_IDENTIFIER = "Mahazoya.ExerciseW3-Kalkulator";
				PRODUCT_NAME = "$(TARGET_NAME)";
				SWIFT_EMIT_LOC_STRINGS = YES;
				SWIFT_VERSION = 5.0;
				TARGETED_DEVICE_FAMILY = "1,2";
			};
			name = Release;
		};
		048BAF402ACC5DED00D6F3B5 /* Debug */ = {
			isa = XCBuildConfiguration;
			buildSettings = {
				ALWAYS_EMBED_SWIFT_STANDARD_LIBRARIES = YES;
				BUNDLE_LOADER = "$(TEST_HOST)";
				CODE_SIGN_STYLE = Automatic;
				CURRENT_PROJECT_VERSION = 1;
				GENERATE_INFOPLIST_FILE = YES;
				IPHONEOS_DEPLOYMENT_TARGET = 17.0;
				MARKETING_VERSION = 1.0;
				PRODUCT_BUNDLE_IDENTIFIER = "Mahazoya.ExerciseW3-KalkulatorTests";
				PRODUCT_NAME = "$(TARGET_NAME)";
				SWIFT_EMIT_LOC_STRINGS = NO;
				SWIFT_VERSION = 5.0;
				TARGETED_DEVICE_FAMILY = "1,2";
				TEST_HOST = "$(BUILT_PRODUCTS_DIR)/ExerciseW3_Kalkulator.app/$(BUNDLE_EXECUTABLE_FOLDER_PATH)/ExerciseW3_Kalkulator";
			};
			name = Debug;
		};
		048BAF412ACC5DED00D6F3B5 /* Release */ = {
			isa = XCBuildConfiguration;
			buildSettings = {
				ALWAYS_EMBED_SWIFT_STANDARD_LIBRARIES = YES;
				BUNDLE_LOADER = "$(TEST_HOST)";
				CODE_SIGN_STYLE = Automatic;
				CURRENT_PROJECT_VERSION = 1;
				GENERATE_INFOPLIST_FILE = YES;
				IPHONEOS_DEPLOYMENT_TARGET = 17.0;
				MARKETING_VERSION = 1.0;
				PRODUCT_BUNDLE_IDENTIFIER = "Mahazoya.ExerciseW3-KalkulatorTests";
				PRODUCT_NAME = "$(TARGET_NAME)";
				SWIFT_EMIT_LOC_STRINGS = NO;
				SWIFT_VERSION = 5.0;
				TARGETED_DEVICE_FAMILY = "1,2";
				TEST_HOST = "$(BUILT_PRODUCTS_DIR)/ExerciseW3_Kalkulator.app/$(BUNDLE_EXECUTABLE_FOLDER_PATH)/ExerciseW3_Kalkulator";
			};
			name = Release;
		};
		048BAF432ACC5DED00D6F3B5 /* Debug */ = {
			isa = XCBuildConfiguration;
			buildSettings = {
				ALWAYS_EMBED_SWIFT_STANDARD_LIBRARIES = YES;
				CODE_SIGN_STYLE = Automatic;
				CURRENT_PROJECT_VERSION = 1;
				GENERATE_INFOPLIST_FILE = YES;
				MARKETING_VERSION = 1.0;
				PRODUCT_BUNDLE_IDENTIFIER = "Mahazoya.ExerciseW3-KalkulatorUITests";
				PRODUCT_NAME = "$(TARGET_NAME)";
				SWIFT_EMIT_LOC_STRINGS = NO;
				SWIFT_VERSION = 5.0;
				TARGETED_DEVICE_FAMILY = "1,2";
				TEST_TARGET_NAME = ExerciseW3_Kalkulator;
			};
			name = Debug;
		};
		048BAF442ACC5DED00D6F3B5 /* Release */ = {
			isa = XCBuildConfiguration;
			buildSettings = {
				ALWAYS_EMBED_SWIFT_STANDARD_LIBRARIES = YES;
				CODE_SIGN_STYLE = Automatic;
				CURRENT_PROJECT_VERSION = 1;
				GENERATE_INFOPLIST_FILE = YES;
				MARKETING_VERSION = 1.0;
				PRODUCT_BUNDLE_IDENTIFIER = "Mahazoya.ExerciseW3-KalkulatorUITests";
				PRODUCT_NAME = "$(TARGET_NAME)";
				SWIFT_EMIT_LOC_STRINGS = NO;
				SWIFT_VERSION = 5.0;
				TARGETED_DEVICE_FAMILY = "1,2";
				TEST_TARGET_NAME = ExerciseW3_Kalkulator;
			};
			name = Release;
		};
/* End XCBuildConfiguration section */

/* Begin XCConfigurationList section */
		048BAF0D2ACC5DEA00D6F3B5 /* Build configuration list for PBXProject "ExerciseW3_Kalkulator" */ = {
			isa = XCConfigurationList;
			buildConfigurations = (
				048BAF3A2ACC5DED00D6F3B5 /* Debug */,
				048BAF3B2ACC5DED00D6F3B5 /* Release */,
			);
			defaultConfigurationIsVisible = 0;
			defaultConfigurationName = Release;
		};
		048BAF3C2ACC5DED00D6F3B5 /* Build configuration list for PBXNativeTarget "ExerciseW3_Kalkulator" */ = {
			isa = XCConfigurationList;
			buildConfigurations = (
				048BAF3D2ACC5DED00D6F3B5 /* Debug */,
				048BAF3E2ACC5DED00D6F3B5 /* Release */,
			);
			defaultConfigurationIsVisible = 0;
			defaultConfigurationName = Release;
		};
		048BAF3F2ACC5DED00D6F3B5 /* Build configuration list for PBXNativeTarget "ExerciseW3_KalkulatorTests" */ = {
			isa = XCConfigurationList;
			buildConfigurations = (
				048BAF402ACC5DED00D6F3B5 /* Debug */,
				048BAF412ACC5DED00D6F3B5 /* Release */,
			);
			defaultConfigurationIsVisible = 0;
			defaultConfigurationName = Release;
		};
		048BAF422ACC5DED00D6F3B5 /* Build configuration list for PBXNativeTarget "ExerciseW3_KalkulatorUITests" */ = {
			isa = XCConfigurationList;
			buildConfigurations = (
				048BAF432ACC5DED00D6F3B5 /* Debug */,
				048BAF442ACC5DED00D6F3B5 /* Release */,
			);
			defaultConfigurationIsVisible = 0;
			defaultConfigurationName = Release;
		};
/* End XCConfigurationList section */
	};
	rootObject = 048BAF0A2ACC5DEA00D6F3B5 /* Project object */;
}
